
Microsoft Visual Studio Solution File, Format Version 12.00
# Visual Studio 14
VisualStudioVersion = 14.0.23107.0
MinimumVisualStudioVersion = 10.0.40219.1
Project("{2150E333-8FDC-42A3-9474-1A3956D46DE8}") = "src", "src", "{A73E5FD7-FC6E-42AB-9FD7-0A80D5761F44}"
EndProject
Project("{2150E333-8FDC-42A3-9474-1A3956D46DE8}") = "Solution Items", "Solution Items", "{803D0240-2F60-4C67-A414-3D22DE9CEF82}"
	ProjectSection(SolutionItems) = preProject
		global.json = global.json
	EndProjectSection
EndProject
Project("{8BB2217D-0F2D-49D1-97BC-3654ED321F3B}") = "HotmenuApp", "src\Hotmenu2015\HotmenuApp.xproj", "{BE9BB123-0CCE-4AC9-A527-4E73D5D375F8}"
EndProject
Global
	GlobalSection(SolutionConfigurationPlatforms) = preSolution
		Debug|Any CPU = Debug|Any CPU
		Release|Any CPU = Release|Any CPU
	EndGlobalSection
	GlobalSection(ProjectConfigurationPlatforms) = postSolution
		{BE9BB123-0CCE-4AC9-A527-4E73D5D375F8}.Debug|Any CPU.ActiveCfg = Debug|Any CPU
		{BE9BB123-0CCE-4AC9-A527-4E73D5D375F8}.Debug|Any CPU.Build.0 = Debug|Any CPU
		{BE9BB123-0CCE-4AC9-A527-4E73D5D375F8}.Release|Any CPU.ActiveCfg = Release|Any CPU
		{BE9BB123-0CCE-4AC9-A527-4E73D5D375F8}.Release|Any CPU.Build.0 = Release|Any CPU
	EndGlobalSection
	GlobalSection(SolutionProperties) = preSolution
		HideSolutionNode = FALSE
	EndGlobalSection
	GlobalSection(NestedProjects) = preSolution
		{BE9BB123-0CCE-4AC9-A527-4E73D5D375F8} = {A73E5FD7-FC6E-42AB-9FD7-0A80D5761F44}
	EndGlobalSection
EndGlobal
